// !$*UTF8*$!
{
	archiveVersion = 1;
	classes = {
	};
	objectVersion = 48;
	objects = {

/* Begin PBXBuildFile section */
		037244A3204F9D540033C285 /* AppDelegate.swift in Sources */ = {isa = PBXBuildFile; fileRef = 037244A2204F9D540033C285 /* AppDelegate.swift */; };
		037244B8204F9D540033C285 /* CareemMovieTests.swift in Sources */ = {isa = PBXBuildFile; fileRef = 037244B7204F9D540033C285 /* CareemMovieTests.swift */; };
		037244C3204F9D540033C285 /* CareemMovieUITests.swift in Sources */ = {isa = PBXBuildFile; fileRef = 037244C2204F9D540033C285 /* CareemMovieUITests.swift */; };
		0372450E204F9DAE0033C285 /* UIApplication+Extension.swift in Sources */ = {isa = PBXBuildFile; fileRef = 037244D1204F9DAE0033C285 /* UIApplication+Extension.swift */; };
		0372450F204F9DAE0033C285 /* UIColor+Extension.swift in Sources */ = {isa = PBXBuildFile; fileRef = 037244D2204F9DAE0033C285 /* UIColor+Extension.swift */; };
		03724510204F9DAE0033C285 /* UIButton+Extension.swift in Sources */ = {isa = PBXBuildFile; fileRef = 037244D3204F9DAE0033C285 /* UIButton+Extension.swift */; };
		03724511204F9DAE0033C285 /* UIView+Extension.swift in Sources */ = {isa = PBXBuildFile; fileRef = 037244D4204F9DAE0033C285 /* UIView+Extension.swift */; };
		03724512204F9DAE0033C285 /* UIViewController+Extension.swift in Sources */ = {isa = PBXBuildFile; fileRef = 037244D5204F9DAE0033C285 /* UIViewController+Extension.swift */; };
		03724513204F9DAE0033C285 /* String+Extension.swift in Sources */ = {isa = PBXBuildFile; fileRef = 037244D6204F9DAE0033C285 /* String+Extension.swift */; };
		03724514204F9DAE0033C285 /* UITableView+Extension.swift in Sources */ = {isa = PBXBuildFile; fileRef = 037244D7204F9DAE0033C285 /* UITableView+Extension.swift */; };
		03724516204F9DAE0033C285 /* UITextField+Extension.swift in Sources */ = {isa = PBXBuildFile; fileRef = 037244D9204F9DAE0033C285 /* UITextField+Extension.swift */; };
		03724517204F9DAE0033C285 /* Constants.swift in Sources */ = {isa = PBXBuildFile; fileRef = 037244DB204F9DAE0033C285 /* Constants.swift */; };
		03724518204F9DAE0033C285 /* ValidateService.swift in Sources */ = {isa = PBXBuildFile; fileRef = 037244DD204F9DAE0033C285 /* ValidateService.swift */; };
		03724519204F9DAE0033C285 /* ValidateProtocol.swift in Sources */ = {isa = PBXBuildFile; fileRef = 037244DE204F9DAE0033C285 /* ValidateProtocol.swift */; };
		0372451A204F9DAE0033C285 /* BindingExtension.swift in Sources */ = {isa = PBXBuildFile; fileRef = 037244DF204F9DAE0033C285 /* BindingExtension.swift */; };
		0372451B204F9DAE0033C285 /* Helper.swift in Sources */ = {isa = PBXBuildFile; fileRef = 037244E0204F9DAE0033C285 /* Helper.swift */; };
		0372451C204F9DAE0033C285 /* Assets.xcassets in Resources */ = {isa = PBXBuildFile; fileRef = 037244E2204F9DAE0033C285 /* Assets.xcassets */; };
		0372451E204F9DAE0033C285 /* LoadingView.swift in Sources */ = {isa = PBXBuildFile; fileRef = 037244E5204F9DAE0033C285 /* LoadingView.swift */; };
		03724524204F9DAE0033C285 /* BaseMainViewController.swift in Sources */ = {isa = PBXBuildFile; fileRef = 037244F3204F9DAE0033C285 /* BaseMainViewController.swift */; };
		0372452B204F9DAE0033C285 /* LaunchScreen.storyboard in Resources */ = {isa = PBXBuildFile; fileRef = 03724504204F9DAE0033C285 /* LaunchScreen.storyboard */; };
		0372452C204F9DAE0033C285 /* Main.storyboard in Resources */ = {isa = PBXBuildFile; fileRef = 03724506204F9DAE0033C285 /* Main.storyboard */; };
		0372452E204F9DAE0033C285 /* BaseRealmObjectModel.swift in Sources */ = {isa = PBXBuildFile; fileRef = 0372450A204F9DAE0033C285 /* BaseRealmObjectModel.swift */; };
		0372452F204F9DAE0033C285 /* ResultExtension.swift in Sources */ = {isa = PBXBuildFile; fileRef = 0372450B204F9DAE0033C285 /* ResultExtension.swift */; };
		03724530204F9DAE0033C285 /* RealmExtension.swift in Sources */ = {isa = PBXBuildFile; fileRef = 0372450C204F9DAE0033C285 /* RealmExtension.swift */; };
		03724531204F9DAE0033C285 /* ObjectExtension.swift in Sources */ = {isa = PBXBuildFile; fileRef = 0372450D204F9DAE0033C285 /* ObjectExtension.swift */; };
		03724534204FC7400033C285 /* CareemSearchBar.swift in Sources */ = {isa = PBXBuildFile; fileRef = 03724533204FC7400033C285 /* CareemSearchBar.swift */; };
		03724536204FC84C0033C285 /* CareemSearchViewController.swift in Sources */ = {isa = PBXBuildFile; fileRef = 03724535204FC84C0033C285 /* CareemSearchViewController.swift */; };
		0372453E204FD4FA0033C285 /* HomeMoviesViewController.swift in Sources */ = {isa = PBXBuildFile; fileRef = 0372453D204FD4FA0033C285 /* HomeMoviesViewController.swift */; };
		03724547204FD5360033C285 /* SuggestionCell.swift in Sources */ = {isa = PBXBuildFile; fileRef = 03724545204FD5360033C285 /* SuggestionCell.swift */; };
		03724548204FD5360033C285 /* SuggestionCell.xib in Resources */ = {isa = PBXBuildFile; fileRef = 03724546204FD5360033C285 /* SuggestionCell.xib */; };
		0372454C204FD56D0033C285 /* MovieCell.swift in Sources */ = {isa = PBXBuildFile; fileRef = 0372454A204FD56D0033C285 /* MovieCell.swift */; };
		0372454D204FD56D0033C285 /* MovieCell.xib in Resources */ = {isa = PBXBuildFile; fileRef = 0372454B204FD56D0033C285 /* MovieCell.xib */; };
		0372454F204FE5330033C285 /* Movie.swift in Sources */ = {isa = PBXBuildFile; fileRef = 0372454E204FE5330033C285 /* Movie.swift */; };
		03724551204FE5820033C285 /* Suggestion.swift in Sources */ = {isa = PBXBuildFile; fileRef = 03724550204FE5820033C285 /* Suggestion.swift */; };
		03724555204FF5230033C285 /* SearchMovieParams.swift in Sources */ = {isa = PBXBuildFile; fileRef = 03724554204FF5230033C285 /* SearchMovieParams.swift */; };
		03724557204FF7DD0033C285 /* HomeMoviesViewModel.swift in Sources */ = {isa = PBXBuildFile; fileRef = 03724556204FF7DD0033C285 /* HomeMoviesViewModel.swift */; };
		0372455A204FF8C60033C285 /* HomeMoviesService.swift in Sources */ = {isa = PBXBuildFile; fileRef = 03724559204FF8C60033C285 /* HomeMoviesService.swift */; };
		037DE3472050FD0E00C3C05B /* SearchSuggestionsViewController.swift in Sources */ = {isa = PBXBuildFile; fileRef = 037DE3462050FD0E00C3C05B /* SearchSuggestionsViewController.swift */; };
		037DE34A205113A900C3C05B /* PaginationNetworkModel.swift in Sources */ = {isa = PBXBuildFile; fileRef = 037DE349205113A900C3C05B /* PaginationNetworkModel.swift */; };
		037DE34C2051603000C3C05B /* Operation+Extension.swift in Sources */ = {isa = PBXBuildFile; fileRef = 037DE34B2051603000C3C05B /* Operation+Extension.swift */; };
		037DE353205248B500C3C05B /* SearchMovieTests.swift in Sources */ = {isa = PBXBuildFile; fileRef = 037DE352205248B500C3C05B /* SearchMovieTests.swift */; };
		037DE3562052542E00C3C05B /* MockHomeMovieService.swift in Sources */ = {isa = PBXBuildFile; fileRef = 037DE3552052542E00C3C05B /* MockHomeMovieService.swift */; };
		037DE35A20525E8B00C3C05B /* MockSearchMovieTests.swift in Sources */ = {isa = PBXBuildFile; fileRef = 037DE35920525E8B00C3C05B /* MockSearchMovieTests.swift */; };
		037DE35F20526E3B00C3C05B /* BaseUITest.swift in Sources */ = {isa = PBXBuildFile; fileRef = 037DE35C20526E3B00C3C05B /* BaseUITest.swift */; };
		037DE36020526E3B00C3C05B /* XCUIElementUtil.swift in Sources */ = {isa = PBXBuildFile; fileRef = 037DE35E20526E3B00C3C05B /* XCUIElementUtil.swift */; };
		037DE363205272DC00C3C05B /* XCTestExpectation.swift in Sources */ = {isa = PBXBuildFile; fileRef = 037DE362205272DC00C3C05B /* XCTestExpectation.swift */; };
		5888D864E1161C96650D0D45 /* Pods_CareemMovieTests.framework in Frameworks */ = {isa = PBXBuildFile; fileRef = 2F683FD7EAB51E203CFE6987 /* Pods_CareemMovieTests.framework */; };
		D7759200C74BC11E4AEFC9C2 /* Pods_CareemMovie.framework in Frameworks */ = {isa = PBXBuildFile; fileRef = 7144E3155725074CBE67F443 /* Pods_CareemMovie.framework */; };
/* End PBXBuildFile section */

/* Begin PBXContainerItemProxy section */
		037244B4204F9D540033C285 /* PBXContainerItemProxy */ = {
			isa = PBXContainerItemProxy;
			containerPortal = 03724497204F9D530033C285 /* Project object */;
			proxyType = 1;
			remoteGlobalIDString = 0372449E204F9D540033C285;
			remoteInfo = CareemMovie;
		};
		037244BF204F9D540033C285 /* PBXContainerItemProxy */ = {
			isa = PBXContainerItemProxy;
			containerPortal = 03724497204F9D530033C285 /* Project object */;
			proxyType = 1;
			remoteGlobalIDString = 0372449E204F9D540033C285;
			remoteInfo = CareemMovie;
		};
/* End PBXContainerItemProxy section */

/* Begin PBXFileReference section */
		0372449F204F9D540033C285 /* CareemMovie.app */ = {isa = PBXFileReference; explicitFileType = wrapper.application; includeInIndex = 0; path = CareemMovie.app; sourceTree = BUILT_PRODUCTS_DIR; };
		037244A2204F9D540033C285 /* AppDelegate.swift */ = {isa = PBXFileReference; lastKnownFileType = sourcecode.swift; path = AppDelegate.swift; sourceTree = "<group>"; };
		037244AE204F9D540033C285 /* Info.plist */ = {isa = PBXFileReference; lastKnownFileType = text.plist.xml; path = Info.plist; sourceTree = "<group>"; };
		037244B3204F9D540033C285 /* CareemMovieTests.xctest */ = {isa = PBXFileReference; explicitFileType = wrapper.cfbundle; includeInIndex = 0; path = CareemMovieTests.xctest; sourceTree = BUILT_PRODUCTS_DIR; };
		037244B7204F9D540033C285 /* CareemMovieTests.swift */ = {isa = PBXFileReference; lastKnownFileType = sourcecode.swift; path = CareemMovieTests.swift; sourceTree = "<group>"; };
		037244B9204F9D540033C285 /* Info.plist */ = {isa = PBXFileReference; lastKnownFileType = text.plist.xml; path = Info.plist; sourceTree = "<group>"; };
		037244BE204F9D540033C285 /* CareemMovieUITests.xctest */ = {isa = PBXFileReference; explicitFileType = wrapper.cfbundle; includeInIndex = 0; path = CareemMovieUITests.xctest; sourceTree = BUILT_PRODUCTS_DIR; };
		037244C2204F9D540033C285 /* CareemMovieUITests.swift */ = {isa = PBXFileReference; lastKnownFileType = sourcecode.swift; path = CareemMovieUITests.swift; sourceTree = "<group>"; };
		037244C4204F9D540033C285 /* Info.plist */ = {isa = PBXFileReference; lastKnownFileType = text.plist.xml; path = Info.plist; sourceTree = "<group>"; };
		037244D1204F9DAE0033C285 /* UIApplication+Extension.swift */ = {isa = PBXFileReference; fileEncoding = 4; lastKnownFileType = sourcecode.swift; path = "UIApplication+Extension.swift"; sourceTree = "<group>"; };
		037244D2204F9DAE0033C285 /* UIColor+Extension.swift */ = {isa = PBXFileReference; fileEncoding = 4; lastKnownFileType = sourcecode.swift; path = "UIColor+Extension.swift"; sourceTree = "<group>"; };
		037244D3204F9DAE0033C285 /* UIButton+Extension.swift */ = {isa = PBXFileReference; fileEncoding = 4; lastKnownFileType = sourcecode.swift; path = "UIButton+Extension.swift"; sourceTree = "<group>"; };
		037244D4204F9DAE0033C285 /* UIView+Extension.swift */ = {isa = PBXFileReference; fileEncoding = 4; lastKnownFileType = sourcecode.swift; path = "UIView+Extension.swift"; sourceTree = "<group>"; };
		037244D5204F9DAE0033C285 /* UIViewController+Extension.swift */ = {isa = PBXFileReference; fileEncoding = 4; lastKnownFileType = sourcecode.swift; path = "UIViewController+Extension.swift"; sourceTree = "<group>"; };
		037244D6204F9DAE0033C285 /* String+Extension.swift */ = {isa = PBXFileReference; fileEncoding = 4; lastKnownFileType = sourcecode.swift; path = "String+Extension.swift"; sourceTree = "<group>"; };
		037244D7204F9DAE0033C285 /* UITableView+Extension.swift */ = {isa = PBXFileReference; fileEncoding = 4; lastKnownFileType = sourcecode.swift; path = "UITableView+Extension.swift"; sourceTree = "<group>"; };
		037244D9204F9DAE0033C285 /* UITextField+Extension.swift */ = {isa = PBXFileReference; fileEncoding = 4; lastKnownFileType = sourcecode.swift; path = "UITextField+Extension.swift"; sourceTree = "<group>"; };
		037244DB204F9DAE0033C285 /* Constants.swift */ = {isa = PBXFileReference; fileEncoding = 4; lastKnownFileType = sourcecode.swift; path = Constants.swift; sourceTree = "<group>"; };
		037244DD204F9DAE0033C285 /* ValidateService.swift */ = {isa = PBXFileReference; fileEncoding = 4; lastKnownFileType = sourcecode.swift; path = ValidateService.swift; sourceTree = "<group>"; };
		037244DE204F9DAE0033C285 /* ValidateProtocol.swift */ = {isa = PBXFileReference; fileEncoding = 4; lastKnownFileType = sourcecode.swift; path = ValidateProtocol.swift; sourceTree = "<group>"; };
		037244DF204F9DAE0033C285 /* BindingExtension.swift */ = {isa = PBXFileReference; fileEncoding = 4; lastKnownFileType = sourcecode.swift; path = BindingExtension.swift; sourceTree = "<group>"; };
		037244E0204F9DAE0033C285 /* Helper.swift */ = {isa = PBXFileReference; fileEncoding = 4; lastKnownFileType = sourcecode.swift; path = Helper.swift; sourceTree = "<group>"; };
		037244E2204F9DAE0033C285 /* Assets.xcassets */ = {isa = PBXFileReference; lastKnownFileType = folder.assetcatalog; path = Assets.xcassets; sourceTree = "<group>"; };
		037244E5204F9DAE0033C285 /* LoadingView.swift */ = {isa = PBXFileReference; fileEncoding = 4; lastKnownFileType = sourcecode.swift; path = LoadingView.swift; sourceTree = "<group>"; };
		037244F3204F9DAE0033C285 /* BaseMainViewController.swift */ = {isa = PBXFileReference; fileEncoding = 4; lastKnownFileType = sourcecode.swift; path = BaseMainViewController.swift; sourceTree = "<group>"; };
		03724505204F9DAE0033C285 /* Base */ = {isa = PBXFileReference; lastKnownFileType = file.storyboard; name = Base; path = Base.lproj/LaunchScreen.storyboard; sourceTree = "<group>"; };
		03724507204F9DAE0033C285 /* Base */ = {isa = PBXFileReference; lastKnownFileType = file.storyboard; name = Base; path = Base.lproj/Main.storyboard; sourceTree = "<group>"; };
		0372450A204F9DAE0033C285 /* BaseRealmObjectModel.swift */ = {isa = PBXFileReference; fileEncoding = 4; lastKnownFileType = sourcecode.swift; path = BaseRealmObjectModel.swift; sourceTree = "<group>"; };
		0372450B204F9DAE0033C285 /* ResultExtension.swift */ = {isa = PBXFileReference; fileEncoding = 4; lastKnownFileType = sourcecode.swift; path = ResultExtension.swift; sourceTree = "<group>"; };
		0372450C204F9DAE0033C285 /* RealmExtension.swift */ = {isa = PBXFileReference; fileEncoding = 4; lastKnownFileType = sourcecode.swift; path = RealmExtension.swift; sourceTree = "<group>"; };
		0372450D204F9DAE0033C285 /* ObjectExtension.swift */ = {isa = PBXFileReference; fileEncoding = 4; lastKnownFileType = sourcecode.swift; path = ObjectExtension.swift; sourceTree = "<group>"; };
		03724533204FC7400033C285 /* CareemSearchBar.swift */ = {isa = PBXFileReference; lastKnownFileType = sourcecode.swift; path = CareemSearchBar.swift; sourceTree = "<group>"; };
		03724535204FC84C0033C285 /* CareemSearchViewController.swift */ = {isa = PBXFileReference; lastKnownFileType = sourcecode.swift; path = CareemSearchViewController.swift; sourceTree = "<group>"; };
		0372453D204FD4FA0033C285 /* HomeMoviesViewController.swift */ = {isa = PBXFileReference; lastKnownFileType = sourcecode.swift; path = HomeMoviesViewController.swift; sourceTree = "<group>"; };
		03724545204FD5360033C285 /* SuggestionCell.swift */ = {isa = PBXFileReference; lastKnownFileType = sourcecode.swift; path = SuggestionCell.swift; sourceTree = "<group>"; };
		03724546204FD5360033C285 /* SuggestionCell.xib */ = {isa = PBXFileReference; lastKnownFileType = file.xib; path = SuggestionCell.xib; sourceTree = "<group>"; };
		0372454A204FD56D0033C285 /* MovieCell.swift */ = {isa = PBXFileReference; lastKnownFileType = sourcecode.swift; path = MovieCell.swift; sourceTree = "<group>"; };
		0372454B204FD56D0033C285 /* MovieCell.xib */ = {isa = PBXFileReference; lastKnownFileType = file.xib; path = MovieCell.xib; sourceTree = "<group>"; };
		0372454E204FE5330033C285 /* Movie.swift */ = {isa = PBXFileReference; lastKnownFileType = sourcecode.swift; path = Movie.swift; sourceTree = "<group>"; };
		03724550204FE5820033C285 /* Suggestion.swift */ = {isa = PBXFileReference; lastKnownFileType = sourcecode.swift; path = Suggestion.swift; sourceTree = "<group>"; };
		03724554204FF5230033C285 /* SearchMovieParams.swift */ = {isa = PBXFileReference; lastKnownFileType = sourcecode.swift; path = SearchMovieParams.swift; sourceTree = "<group>"; };
		03724556204FF7DD0033C285 /* HomeMoviesViewModel.swift */ = {isa = PBXFileReference; lastKnownFileType = sourcecode.swift; path = HomeMoviesViewModel.swift; sourceTree = "<group>"; };
		03724559204FF8C60033C285 /* HomeMoviesService.swift */ = {isa = PBXFileReference; lastKnownFileType = sourcecode.swift; path = HomeMoviesService.swift; sourceTree = "<group>"; };
		037DE3462050FD0E00C3C05B /* SearchSuggestionsViewController.swift */ = {isa = PBXFileReference; lastKnownFileType = sourcecode.swift; path = SearchSuggestionsViewController.swift; sourceTree = "<group>"; };
		037DE349205113A900C3C05B /* PaginationNetworkModel.swift */ = {isa = PBXFileReference; lastKnownFileType = sourcecode.swift; path = PaginationNetworkModel.swift; sourceTree = "<group>"; };
		037DE34B2051603000C3C05B /* Operation+Extension.swift */ = {isa = PBXFileReference; fileEncoding = 4; lastKnownFileType = sourcecode.swift; path = "Operation+Extension.swift"; sourceTree = "<group>"; };
		037DE352205248B500C3C05B /* SearchMovieTests.swift */ = {isa = PBXFileReference; lastKnownFileType = sourcecode.swift; path = SearchMovieTests.swift; sourceTree = "<group>"; };
		037DE3552052542E00C3C05B /* MockHomeMovieService.swift */ = {isa = PBXFileReference; lastKnownFileType = sourcecode.swift; path = MockHomeMovieService.swift; sourceTree = "<group>"; };
		037DE35920525E8B00C3C05B /* MockSearchMovieTests.swift */ = {isa = PBXFileReference; lastKnownFileType = sourcecode.swift; path = MockSearchMovieTests.swift; sourceTree = "<group>"; };
		037DE35C20526E3B00C3C05B /* BaseUITest.swift */ = {isa = PBXFileReference; fileEncoding = 4; lastKnownFileType = sourcecode.swift; path = BaseUITest.swift; sourceTree = "<group>"; };
		037DE35E20526E3B00C3C05B /* XCUIElementUtil.swift */ = {isa = PBXFileReference; fileEncoding = 4; lastKnownFileType = sourcecode.swift; path = XCUIElementUtil.swift; sourceTree = "<group>"; };
		037DE362205272DC00C3C05B /* XCTestExpectation.swift */ = {isa = PBXFileReference; lastKnownFileType = sourcecode.swift; path = XCTestExpectation.swift; sourceTree = "<group>"; };
		298EA76EAA32E07B1D022CC6 /* Pods-CareemMovieTests.debug.xcconfig */ = {isa = PBXFileReference; includeInIndex = 1; lastKnownFileType = text.xcconfig; name = "Pods-CareemMovieTests.debug.xcconfig"; path = "Pods/Target Support Files/Pods-CareemMovieTests/Pods-CareemMovieTests.debug.xcconfig"; sourceTree = "<group>"; };
		2BEB1773E2D7084412217188 /* Pods-CareemMovieTests.release.xcconfig */ = {isa = PBXFileReference; includeInIndex = 1; lastKnownFileType = text.xcconfig; name = "Pods-CareemMovieTests.release.xcconfig"; path = "Pods/Target Support Files/Pods-CareemMovieTests/Pods-CareemMovieTests.release.xcconfig"; sourceTree = "<group>"; };
		2F683FD7EAB51E203CFE6987 /* Pods_CareemMovieTests.framework */ = {isa = PBXFileReference; explicitFileType = wrapper.framework; includeInIndex = 0; path = Pods_CareemMovieTests.framework; sourceTree = BUILT_PRODUCTS_DIR; };
		7144E3155725074CBE67F443 /* Pods_CareemMovie.framework */ = {isa = PBXFileReference; explicitFileType = wrapper.framework; includeInIndex = 0; path = Pods_CareemMovie.framework; sourceTree = BUILT_PRODUCTS_DIR; };
		979F022BD6AD3D94A0AC86EA /* Pods-CareemMovie.release.xcconfig */ = {isa = PBXFileReference; includeInIndex = 1; lastKnownFileType = text.xcconfig; name = "Pods-CareemMovie.release.xcconfig"; path = "Pods/Target Support Files/Pods-CareemMovie/Pods-CareemMovie.release.xcconfig"; sourceTree = "<group>"; };
		B91A1C42831CA8FB8AD843DB /* Pods-CareemMovie.debug.xcconfig */ = {isa = PBXFileReference; includeInIndex = 1; lastKnownFileType = text.xcconfig; name = "Pods-CareemMovie.debug.xcconfig"; path = "Pods/Target Support Files/Pods-CareemMovie/Pods-CareemMovie.debug.xcconfig"; sourceTree = "<group>"; };
/* End PBXFileReference section */

/* Begin PBXFrameworksBuildPhase section */
		0372449C204F9D540033C285 /* Frameworks */ = {
			isa = PBXFrameworksBuildPhase;
			buildActionMask = 2147483647;
			files = (
				D7759200C74BC11E4AEFC9C2 /* Pods_CareemMovie.framework in Frameworks */,
			);
			runOnlyForDeploymentPostprocessing = 0;
		};
		037244B0204F9D540033C285 /* Frameworks */ = {
			isa = PBXFrameworksBuildPhase;
			buildActionMask = 2147483647;
			files = (
				5888D864E1161C96650D0D45 /* Pods_CareemMovieTests.framework in Frameworks */,
			);
			runOnlyForDeploymentPostprocessing = 0;
		};
		037244BB204F9D540033C285 /* Frameworks */ = {
			isa = PBXFrameworksBuildPhase;
			buildActionMask = 2147483647;
			files = (
			);
			runOnlyForDeploymentPostprocessing = 0;
		};
/* End PBXFrameworksBuildPhase section */

/* Begin PBXGroup section */
		03724496204F9D530033C285 = {
			isa = PBXGroup;
			children = (
				037244A1204F9D540033C285 /* CareemMovie */,
				037244B6204F9D540033C285 /* CareemMovieTests */,
				037244C1204F9D540033C285 /* CareemMovieUITests */,
				037244A0204F9D540033C285 /* Products */,
				57FF073EF2308FD4D1D4FF49 /* Pods */,
				7FE4DFB3D094F6FD85A68F81 /* Frameworks */,
			);
			sourceTree = "<group>";
		};
		037244A0204F9D540033C285 /* Products */ = {
			isa = PBXGroup;
			children = (
				0372449F204F9D540033C285 /* CareemMovie.app */,
				037244B3204F9D540033C285 /* CareemMovieTests.xctest */,
				037244BE204F9D540033C285 /* CareemMovieUITests.xctest */,
			);
			name = Products;
			sourceTree = "<group>";
		};
		037244A1204F9D540033C285 /* CareemMovie */ = {
			isa = PBXGroup;
			children = (
				03724509204F9DAE0033C285 /* BaseModel */,
				037244E4204F9DAE0033C285 /* CommonViews */,
				037244D0204F9DAE0033C285 /* Extensions */,
				037244E1204F9DAE0033C285 /* Resources */,
				037244E6204F9DAE0033C285 /* Sections */,
				03724503204F9DAE0033C285 /* Storyboards */,
				037244DA204F9DAE0033C285 /* Utilities */,
				037244A2204F9D540033C285 /* AppDelegate.swift */,
				037244AE204F9D540033C285 /* Info.plist */,
			);
			path = CareemMovie;
			sourceTree = "<group>";
		};
		037244B6204F9D540033C285 /* CareemMovieTests */ = {
			isa = PBXGroup;
			children = (
				037DE361205272BA00C3C05B /* UnitTestsExtension */,
				037DE3542052540900C3C05B /* SearchMovie */,
				037244B7204F9D540033C285 /* CareemMovieTests.swift */,
				037244B9204F9D540033C285 /* Info.plist */,
			);
			path = CareemMovieTests;
			sourceTree = "<group>";
		};
		037244C1204F9D540033C285 /* CareemMovieUITests */ = {
			isa = PBXGroup;
			children = (
				037DE35B20526E3B00C3C05B /* BaseUITest */,
				037DE35D20526E3B00C3C05B /* Helper */,
				037244C2204F9D540033C285 /* CareemMovieUITests.swift */,
				037244C4204F9D540033C285 /* Info.plist */,
			);
			path = CareemMovieUITests;
			sourceTree = "<group>";
		};
		037244D0204F9DAE0033C285 /* Extensions */ = {
			isa = PBXGroup;
			children = (
				037DE34B2051603000C3C05B /* Operation+Extension.swift */,
				037244D1204F9DAE0033C285 /* UIApplication+Extension.swift */,
				037244D2204F9DAE0033C285 /* UIColor+Extension.swift */,
				037244D3204F9DAE0033C285 /* UIButton+Extension.swift */,
				037244D4204F9DAE0033C285 /* UIView+Extension.swift */,
				037244D5204F9DAE0033C285 /* UIViewController+Extension.swift */,
				037244D6204F9DAE0033C285 /* String+Extension.swift */,
				037244D7204F9DAE0033C285 /* UITableView+Extension.swift */,
				037244D9204F9DAE0033C285 /* UITextField+Extension.swift */,
			);
			path = Extensions;
			sourceTree = "<group>";
		};
		037244DA204F9DAE0033C285 /* Utilities */ = {
			isa = PBXGroup;
			children = (
				037244DC204F9DAE0033C285 /* Validate */,
				037244DB204F9DAE0033C285 /* Constants.swift */,
				037244E0204F9DAE0033C285 /* Helper.swift */,
			);
			path = Utilities;
			sourceTree = "<group>";
		};
		037244DC204F9DAE0033C285 /* Validate */ = {
			isa = PBXGroup;
			children = (
				037244DD204F9DAE0033C285 /* ValidateService.swift */,
				037244DE204F9DAE0033C285 /* ValidateProtocol.swift */,
				037244DF204F9DAE0033C285 /* BindingExtension.swift */,
			);
			path = Validate;
			sourceTree = "<group>";
		};
		037244E1204F9DAE0033C285 /* Resources */ = {
			isa = PBXGroup;
			children = (
				037244E2204F9DAE0033C285 /* Assets.xcassets */,
			);
			path = Resources;
			sourceTree = "<group>";
		};
		037244E4204F9DAE0033C285 /* CommonViews */ = {
			isa = PBXGroup;
			children = (
				03724532204FC7220033C285 /* SearchBar */,
				037244E5204F9DAE0033C285 /* LoadingView.swift */,
			);
			path = CommonViews;
			sourceTree = "<group>";
		};
		037244E6204F9DAE0033C285 /* Sections */ = {
			isa = PBXGroup;
			children = (
				03724537204FD1E70033C285 /* HomeMovies */,
				037244F2204F9DAE0033C285 /* MainHome */,
			);
			path = Sections;
			sourceTree = "<group>";
		};
		037244F2204F9DAE0033C285 /* MainHome */ = {
			isa = PBXGroup;
			children = (
				037244F3204F9DAE0033C285 /* BaseMainViewController.swift */,
			);
			path = MainHome;
			sourceTree = "<group>";
		};
		03724503204F9DAE0033C285 /* Storyboards */ = {
			isa = PBXGroup;
			children = (
				03724506204F9DAE0033C285 /* Main.storyboard */,
				03724504204F9DAE0033C285 /* LaunchScreen.storyboard */,
			);
			path = Storyboards;
			sourceTree = "<group>";
		};
		03724509204F9DAE0033C285 /* BaseModel */ = {
			isa = PBXGroup;
			children = (
				0372450A204F9DAE0033C285 /* BaseRealmObjectModel.swift */,
				0372450B204F9DAE0033C285 /* ResultExtension.swift */,
				0372450C204F9DAE0033C285 /* RealmExtension.swift */,
				0372450D204F9DAE0033C285 /* ObjectExtension.swift */,
				037DE349205113A900C3C05B /* PaginationNetworkModel.swift */,
			);
			path = BaseModel;
			sourceTree = "<group>";
		};
		03724532204FC7220033C285 /* SearchBar */ = {
			isa = PBXGroup;
			children = (
				03724533204FC7400033C285 /* CareemSearchBar.swift */,
				03724535204FC84C0033C285 /* CareemSearchViewController.swift */,
			);
			path = SearchBar;
			sourceTree = "<group>";
		};
		03724537204FD1E70033C285 /* HomeMovies */ = {
			isa = PBXGroup;
			children = (
				03724558204FF8940033C285 /* Services */,
				03724539204FD21A0033C285 /* Models */,
				03724538204FD2140033C285 /* ViewModels */,
				0372453A204FD2210033C285 /* Views */,
				0372453C204FD22D0033C285 /* Controllers */,
			);
			path = HomeMovies;
			sourceTree = "<group>";
		};
		03724538204FD2140033C285 /* ViewModels */ = {
			isa = PBXGroup;
			children = (
				03724556204FF7DD0033C285 /* HomeMoviesViewModel.swift */,
			);
			path = ViewModels;
			sourceTree = "<group>";
		};
		03724539204FD21A0033C285 /* Models */ = {
			isa = PBXGroup;
			children = (
				0372454E204FE5330033C285 /* Movie.swift */,
				03724550204FE5820033C285 /* Suggestion.swift */,
				03724554204FF5230033C285 /* SearchMovieParams.swift */,
			);
			path = Models;
			sourceTree = "<group>";
		};
		0372453A204FD2210033C285 /* Views */ = {
			isa = PBXGroup;
			children = (
				03724549204FD5430033C285 /* TableCells */,
			);
			path = Views;
			sourceTree = "<group>";
		};
		0372453C204FD22D0033C285 /* Controllers */ = {
			isa = PBXGroup;
			children = (
				0372453D204FD4FA0033C285 /* HomeMoviesViewController.swift */,
				037DE3462050FD0E00C3C05B /* SearchSuggestionsViewController.swift */,
			);
			path = Controllers;
			sourceTree = "<group>";
		};
		03724549204FD5430033C285 /* TableCells */ = {
			isa = PBXGroup;
			children = (
				03724545204FD5360033C285 /* SuggestionCell.swift */,
				03724546204FD5360033C285 /* SuggestionCell.xib */,
				0372454A204FD56D0033C285 /* MovieCell.swift */,
				0372454B204FD56D0033C285 /* MovieCell.xib */,
			);
			path = TableCells;
			sourceTree = "<group>";
		};
		03724558204FF8940033C285 /* Services */ = {
			isa = PBXGroup;
			children = (
				03724559204FF8C60033C285 /* HomeMoviesService.swift */,
			);
			path = Services;
			sourceTree = "<group>";
		};
		037DE3542052540900C3C05B /* SearchMovie */ = {
			isa = PBXGroup;
			children = (
				037DE35720525E7000C3C05B /* MockServiece */,
				037DE352205248B500C3C05B /* SearchMovieTests.swift */,
				037DE35920525E8B00C3C05B /* MockSearchMovieTests.swift */,
			);
			path = SearchMovie;
			sourceTree = "<group>";
		};
		037DE35720525E7000C3C05B /* MockServiece */ = {
			isa = PBXGroup;
			children = (
				037DE3552052542E00C3C05B /* MockHomeMovieService.swift */,
			);
			path = MockServiece;
			sourceTree = "<group>";
		};
		037DE35B20526E3B00C3C05B /* BaseUITest */ = {
			isa = PBXGroup;
			children = (
				037DE35C20526E3B00C3C05B /* BaseUITest.swift */,
			);
			path = BaseUITest;
			sourceTree = "<group>";
		};
		037DE35D20526E3B00C3C05B /* Helper */ = {
			isa = PBXGroup;
			children = (
				037DE35E20526E3B00C3C05B /* XCUIElementUtil.swift */,
			);
			path = Helper;
			sourceTree = "<group>";
		};
		037DE361205272BA00C3C05B /* UnitTestsExtension */ = {
			isa = PBXGroup;
			children = (
				037DE362205272DC00C3C05B /* XCTestExpectation.swift */,
			);
			path = UnitTestsExtension;
			sourceTree = "<group>";
		};
		57FF073EF2308FD4D1D4FF49 /* Pods */ = {
			isa = PBXGroup;
			children = (
				B91A1C42831CA8FB8AD843DB /* Pods-CareemMovie.debug.xcconfig */,
				979F022BD6AD3D94A0AC86EA /* Pods-CareemMovie.release.xcconfig */,
				298EA76EAA32E07B1D022CC6 /* Pods-CareemMovieTests.debug.xcconfig */,
				2BEB1773E2D7084412217188 /* Pods-CareemMovieTests.release.xcconfig */,
			);
			name = Pods;
			sourceTree = "<group>";
		};
		7FE4DFB3D094F6FD85A68F81 /* Frameworks */ = {
			isa = PBXGroup;
			children = (
				7144E3155725074CBE67F443 /* Pods_CareemMovie.framework */,
				2F683FD7EAB51E203CFE6987 /* Pods_CareemMovieTests.framework */,
			);
			name = Frameworks;
			sourceTree = "<group>";
		};
/* End PBXGroup section */

/* Begin PBXNativeTarget section */
		0372449E204F9D540033C285 /* CareemMovie */ = {
			isa = PBXNativeTarget;
			buildConfigurationList = 037244C7204F9D540033C285 /* Build configuration list for PBXNativeTarget "CareemMovie" */;
			buildPhases = (
				FB4EF0A5C9655F0992ADF7C4 /* [CP] Check Pods Manifest.lock */,
				0372449B204F9D540033C285 /* Sources */,
				0372449C204F9D540033C285 /* Frameworks */,
				0372449D204F9D540033C285 /* Resources */,
				41D9E5091F0C0082315741FF /* [CP] Embed Pods Frameworks */,
				496F2DCCDF898CFF3CE4C191 /* [CP] Copy Pods Resources */,
			);
			buildRules = (
			);
			dependencies = (
			);
			name = CareemMovie;
			productName = CareemMovie;
			productReference = 0372449F204F9D540033C285 /* CareemMovie.app */;
			productType = "com.apple.product-type.application";
		};
		037244B2204F9D540033C285 /* CareemMovieTests */ = {
			isa = PBXNativeTarget;
			buildConfigurationList = 037244CA204F9D540033C285 /* Build configuration list for PBXNativeTarget "CareemMovieTests" */;
			buildPhases = (
				231FAFCB361FB05329085E49 /* [CP] Check Pods Manifest.lock */,
				037244AF204F9D540033C285 /* Sources */,
				037244B0204F9D540033C285 /* Frameworks */,
				037244B1204F9D540033C285 /* Resources */,
				60EC29EC3537D46A91052B11 /* [CP] Embed Pods Frameworks */,
				F8BD90D111E7B1D809D46236 /* [CP] Copy Pods Resources */,
			);
			buildRules = (
			);
			dependencies = (
				037244B5204F9D540033C285 /* PBXTargetDependency */,
			);
			name = CareemMovieTests;
			productName = CareemMovieTests;
			productReference = 037244B3204F9D540033C285 /* CareemMovieTests.xctest */;
			productType = "com.apple.product-type.bundle.unit-test";
		};
		037244BD204F9D540033C285 /* CareemMovieUITests */ = {
			isa = PBXNativeTarget;
			buildConfigurationList = 037244CD204F9D540033C285 /* Build configuration list for PBXNativeTarget "CareemMovieUITests" */;
			buildPhases = (
				037244BA204F9D540033C285 /* Sources */,
				037244BB204F9D540033C285 /* Frameworks */,
				037244BC204F9D540033C285 /* Resources */,
			);
			buildRules = (
			);
			dependencies = (
				037244C0204F9D540033C285 /* PBXTargetDependency */,
			);
			name = CareemMovieUITests;
			productName = CareemMovieUITests;
			productReference = 037244BE204F9D540033C285 /* CareemMovieUITests.xctest */;
			productType = "com.apple.product-type.bundle.ui-testing";
		};
/* End PBXNativeTarget section */

/* Begin PBXProject section */
		03724497204F9D530033C285 /* Project object */ = {
			isa = PBXProject;
			attributes = {
				LastSwiftUpdateCheck = 0920;
				LastUpgradeCheck = 0920;
				ORGANIZATIONNAME = "Tran Hoang Canh";
				TargetAttributes = {
					0372449E204F9D540033C285 = {
						CreatedOnToolsVersion = 9.2;
						ProvisioningStyle = Automatic;
					};
					037244B2204F9D540033C285 = {
						CreatedOnToolsVersion = 9.2;
						ProvisioningStyle = Automatic;
						TestTargetID = 0372449E204F9D540033C285;
					};
					037244BD204F9D540033C285 = {
						CreatedOnToolsVersion = 9.2;
						ProvisioningStyle = Automatic;
						TestTargetID = 0372449E204F9D540033C285;
					};
				};
			};
			buildConfigurationList = 0372449A204F9D530033C285 /* Build configuration list for PBXProject "CareemMovie" */;
			compatibilityVersion = "Xcode 8.0";
			developmentRegion = en;
			hasScannedForEncodings = 0;
			knownRegions = (
				en,
				Base,
			);
			mainGroup = 03724496204F9D530033C285;
			productRefGroup = 037244A0204F9D540033C285 /* Products */;
			projectDirPath = "";
			projectRoot = "";
			targets = (
				0372449E204F9D540033C285 /* CareemMovie */,
				037244B2204F9D540033C285 /* CareemMovieTests */,
				037244BD204F9D540033C285 /* CareemMovieUITests */,
			);
		};
/* End PBXProject section */

/* Begin PBXResourcesBuildPhase section */
		0372449D204F9D540033C285 /* Resources */ = {
			isa = PBXResourcesBuildPhase;
			buildActionMask = 2147483647;
			files = (
				0372452C204F9DAE0033C285 /* Main.storyboard in Resources */,
				0372454D204FD56D0033C285 /* MovieCell.xib in Resources */,
				03724548204FD5360033C285 /* SuggestionCell.xib in Resources */,
				0372452B204F9DAE0033C285 /* LaunchScreen.storyboard in Resources */,
				0372451C204F9DAE0033C285 /* Assets.xcassets in Resources */,
			);
			runOnlyForDeploymentPostprocessing = 0;
		};
		037244B1204F9D540033C285 /* Resources */ = {
			isa = PBXResourcesBuildPhase;
			buildActionMask = 2147483647;
			files = (
			);
			runOnlyForDeploymentPostprocessing = 0;
		};
		037244BC204F9D540033C285 /* Resources */ = {
			isa = PBXResourcesBuildPhase;
			buildActionMask = 2147483647;
			files = (
			);
			runOnlyForDeploymentPostprocessing = 0;
		};
/* End PBXResourcesBuildPhase section */

/* Begin PBXShellScriptBuildPhase section */
		231FAFCB361FB05329085E49 /* [CP] Check Pods Manifest.lock */ = {
			isa = PBXShellScriptBuildPhase;
			buildActionMask = 2147483647;
			files = (
			);
			inputPaths = (
				"${PODS_PODFILE_DIR_PATH}/Podfile.lock",
				"${PODS_ROOT}/Manifest.lock",
			);
			name = "[CP] Check Pods Manifest.lock";
			outputPaths = (
				"$(DERIVED_FILE_DIR)/Pods-CareemMovieTests-checkManifestLockResult.txt",
			);
			runOnlyForDeploymentPostprocessing = 0;
			shellPath = /bin/sh;
			shellScript = "diff \"${PODS_PODFILE_DIR_PATH}/Podfile.lock\" \"${PODS_ROOT}/Manifest.lock\" > /dev/null\nif [ $? != 0 ] ; then\n    # print error to STDERR\n    echo \"error: The sandbox is not in sync with the Podfile.lock. Run 'pod install' or update your CocoaPods installation.\" >&2\n    exit 1\nfi\n# This output is used by Xcode 'outputs' to avoid re-running this script phase.\necho \"SUCCESS\" > \"${SCRIPT_OUTPUT_FILE_0}\"\n";
			showEnvVarsInLog = 0;
		};
		41D9E5091F0C0082315741FF /* [CP] Embed Pods Frameworks */ = {
			isa = PBXShellScriptBuildPhase;
			buildActionMask = 2147483647;
			files = (
			);
			inputPaths = (
				"${SRCROOT}/Pods/Target Support Files/Pods-CareemMovie/Pods-CareemMovie-frameworks.sh",
				"${BUILT_PRODUCTS_DIR}/AMScrollingNavbar/AMScrollingNavbar.framework",
				"${BUILT_PRODUCTS_DIR}/Alamofire/Alamofire.framework",
				"${BUILT_PRODUCTS_DIR}/CT_RESTAPI/CT_RESTAPI.framework",
				"${BUILT_PRODUCTS_DIR}/CocoaLumberjack/CocoaLumberjack.framework",
				"${BUILT_PRODUCTS_DIR}/IQKeyboardManagerSwift/IQKeyboardManagerSwift.framework",
				"${BUILT_PRODUCTS_DIR}/KeychainAccess/KeychainAccess.framework",
				"${BUILT_PRODUCTS_DIR}/Kingfisher/Kingfisher.framework",
				"${BUILT_PRODUCTS_DIR}/ObjectMapper/ObjectMapper.framework",
				"${BUILT_PRODUCTS_DIR}/Realm/Realm.framework",
				"${BUILT_PRODUCTS_DIR}/RealmSwift/RealmSwift.framework",
				"${BUILT_PRODUCTS_DIR}/RxCocoa/RxCocoa.framework",
				"${BUILT_PRODUCTS_DIR}/RxSwift/RxSwift.framework",
				"${BUILT_PRODUCTS_DIR}/SVProgressHUD/SVProgressHUD.framework",
				"${BUILT_PRODUCTS_DIR}/SwiftyJSON/SwiftyJSON.framework",
				"${BUILT_PRODUCTS_DIR}/TPKeyboardAvoiding/TPKeyboardAvoiding.framework",
			);
			name = "[CP] Embed Pods Frameworks";
			outputPaths = (
				"${TARGET_BUILD_DIR}/${FRAMEWORKS_FOLDER_PATH}/AMScrollingNavbar.framework",
				"${TARGET_BUILD_DIR}/${FRAMEWORKS_FOLDER_PATH}/Alamofire.framework",
				"${TARGET_BUILD_DIR}/${FRAMEWORKS_FOLDER_PATH}/CT_RESTAPI.framework",
				"${TARGET_BUILD_DIR}/${FRAMEWORKS_FOLDER_PATH}/CocoaLumberjack.framework",
				"${TARGET_BUILD_DIR}/${FRAMEWORKS_FOLDER_PATH}/IQKeyboardManagerSwift.framework",
				"${TARGET_BUILD_DIR}/${FRAMEWORKS_FOLDER_PATH}/KeychainAccess.framework",
				"${TARGET_BUILD_DIR}/${FRAMEWORKS_FOLDER_PATH}/Kingfisher.framework",
				"${TARGET_BUILD_DIR}/${FRAMEWORKS_FOLDER_PATH}/ObjectMapper.framework",
				"${TARGET_BUILD_DIR}/${FRAMEWORKS_FOLDER_PATH}/Realm.framework",
				"${TARGET_BUILD_DIR}/${FRAMEWORKS_FOLDER_PATH}/RealmSwift.framework",
				"${TARGET_BUILD_DIR}/${FRAMEWORKS_FOLDER_PATH}/RxCocoa.framework",
				"${TARGET_BUILD_DIR}/${FRAMEWORKS_FOLDER_PATH}/RxSwift.framework",
				"${TARGET_BUILD_DIR}/${FRAMEWORKS_FOLDER_PATH}/SVProgressHUD.framework",
				"${TARGET_BUILD_DIR}/${FRAMEWORKS_FOLDER_PATH}/SwiftyJSON.framework",
				"${TARGET_BUILD_DIR}/${FRAMEWORKS_FOLDER_PATH}/TPKeyboardAvoiding.framework",
			);
			runOnlyForDeploymentPostprocessing = 0;
			shellPath = /bin/sh;
			shellScript = "\"${SRCROOT}/Pods/Target Support Files/Pods-CareemMovie/Pods-CareemMovie-frameworks.sh\"\n";
			showEnvVarsInLog = 0;
		};
		496F2DCCDF898CFF3CE4C191 /* [CP] Copy Pods Resources */ = {
			isa = PBXShellScriptBuildPhase;
			buildActionMask = 2147483647;
			files = (
			);
			inputPaths = (
			);
			name = "[CP] Copy Pods Resources";
			outputPaths = (
			);
			runOnlyForDeploymentPostprocessing = 0;
			shellPath = /bin/sh;
			shellScript = "\"${SRCROOT}/Pods/Target Support Files/Pods-CareemMovie/Pods-CareemMovie-resources.sh\"\n";
			showEnvVarsInLog = 0;
		};
		60EC29EC3537D46A91052B11 /* [CP] Embed Pods Frameworks */ = {
			isa = PBXShellScriptBuildPhase;
			buildActionMask = 2147483647;
			files = (
			);
			inputPaths = (
				"${SRCROOT}/Pods/Target Support Files/Pods-CareemMovieTests/Pods-CareemMovieTests-frameworks.sh",
				"${BUILT_PRODUCTS_DIR}/Nimble/Nimble.framework",
				"${BUILT_PRODUCTS_DIR}/Quick/Quick.framework",
			);
			name = "[CP] Embed Pods Frameworks";
			outputPaths = (
				"${TARGET_BUILD_DIR}/${FRAMEWORKS_FOLDER_PATH}/Nimble.framework",
				"${TARGET_BUILD_DIR}/${FRAMEWORKS_FOLDER_PATH}/Quick.framework",
			);
			runOnlyForDeploymentPostprocessing = 0;
			shellPath = /bin/sh;
			shellScript = "\"${SRCROOT}/Pods/Target Support Files/Pods-CareemMovieTests/Pods-CareemMovieTests-frameworks.sh\"\n";
			showEnvVarsInLog = 0;
		};
		F8BD90D111E7B1D809D46236 /* [CP] Copy Pods Resources */ = {
			isa = PBXShellScriptBuildPhase;
			buildActionMask = 2147483647;
			files = (
			);
			inputPaths = (
			);
			name = "[CP] Copy Pods Resources";
			outputPaths = (
			);
			runOnlyForDeploymentPostprocessing = 0;
			shellPath = /bin/sh;
			shellScript = "\"${SRCROOT}/Pods/Target Support Files/Pods-CareemMovieTests/Pods-CareemMovieTests-resources.sh\"\n";
			showEnvVarsInLog = 0;
		};
		FB4EF0A5C9655F0992ADF7C4 /* [CP] Check Pods Manifest.lock */ = {
			isa = PBXShellScriptBuildPhase;
			buildActionMask = 2147483647;
			files = (
			);
			inputPaths = (
				"${PODS_PODFILE_DIR_PATH}/Podfile.lock",
				"${PODS_ROOT}/Manifest.lock",
			);
			name = "[CP] Check Pods Manifest.lock";
			outputPaths = (
				"$(DERIVED_FILE_DIR)/Pods-CareemMovie-checkManifestLockResult.txt",
			);
			runOnlyForDeploymentPostprocessing = 0;
			shellPath = /bin/sh;
			shellScript = "diff \"${PODS_PODFILE_DIR_PATH}/Podfile.lock\" \"${PODS_ROOT}/Manifest.lock\" > /dev/null\nif [ $? != 0 ] ; then\n    # print error to STDERR\n    echo \"error: The sandbox is not in sync with the Podfile.lock. Run 'pod install' or update your CocoaPods installation.\" >&2\n    exit 1\nfi\n# This output is used by Xcode 'outputs' to avoid re-running this script phase.\necho \"SUCCESS\" > \"${SCRIPT_OUTPUT_FILE_0}\"\n";
			showEnvVarsInLog = 0;
		};
/* End PBXShellScriptBuildPhase section */

/* Begin PBXSourcesBuildPhase section */
		0372449B204F9D540033C285 /* Sources */ = {
			isa = PBXSourcesBuildPhase;
			buildActionMask = 2147483647;
			files = (
				0372452F204F9DAE0033C285 /* ResultExtension.swift in Sources */,
				03724512204F9DAE0033C285 /* UIViewController+Extension.swift in Sources */,
				037DE34A205113A900C3C05B /* PaginationNetworkModel.swift in Sources */,
				03724517204F9DAE0033C285 /* Constants.swift in Sources */,
				0372451B204F9DAE0033C285 /* Helper.swift in Sources */,
				03724534204FC7400033C285 /* CareemSearchBar.swift in Sources */,
				03724513204F9DAE0033C285 /* String+Extension.swift in Sources */,
				03724530204F9DAE0033C285 /* RealmExtension.swift in Sources */,
				03724557204FF7DD0033C285 /* HomeMoviesViewModel.swift in Sources */,
				0372451E204F9DAE0033C285 /* LoadingView.swift in Sources */,
				03724524204F9DAE0033C285 /* BaseMainViewController.swift in Sources */,
				0372450F204F9DAE0033C285 /* UIColor+Extension.swift in Sources */,
				0372454F204FE5330033C285 /* Movie.swift in Sources */,
				0372455A204FF8C60033C285 /* HomeMoviesService.swift in Sources */,
				0372451A204F9DAE0033C285 /* BindingExtension.swift in Sources */,
				03724555204FF5230033C285 /* SearchMovieParams.swift in Sources */,
				037DE3472050FD0E00C3C05B /* SearchSuggestionsViewController.swift in Sources */,
				03724514204F9DAE0033C285 /* UITableView+Extension.swift in Sources */,
				03724516204F9DAE0033C285 /* UITextField+Extension.swift in Sources */,
				0372454C204FD56D0033C285 /* MovieCell.swift in Sources */,
				03724536204FC84C0033C285 /* CareemSearchViewController.swift in Sources */,
				03724547204FD5360033C285 /* SuggestionCell.swift in Sources */,
				03724551204FE5820033C285 /* Suggestion.swift in Sources */,
				0372453E204FD4FA0033C285 /* HomeMoviesViewController.swift in Sources */,
				03724510204F9DAE0033C285 /* UIButton+Extension.swift in Sources */,
				0372450E204F9DAE0033C285 /* UIApplication+Extension.swift in Sources */,
				03724511204F9DAE0033C285 /* UIView+Extension.swift in Sources */,
				0372452E204F9DAE0033C285 /* BaseRealmObjectModel.swift in Sources */,
				03724519204F9DAE0033C285 /* ValidateProtocol.swift in Sources */,
				03724531204F9DAE0033C285 /* ObjectExtension.swift in Sources */,
				037244A3204F9D540033C285 /* AppDelegate.swift in Sources */,
				037DE34C2051603000C3C05B /* Operation+Extension.swift in Sources */,
				03724518204F9DAE0033C285 /* ValidateService.swift in Sources */,
			);
			runOnlyForDeploymentPostprocessing = 0;
		};
		037244AF204F9D540033C285 /* Sources */ = {
			isa = PBXSourcesBuildPhase;
			buildActionMask = 2147483647;
			files = (
				037DE35A20525E8B00C3C05B /* MockSearchMovieTests.swift in Sources */,
				037DE3562052542E00C3C05B /* MockHomeMovieService.swift in Sources */,
				037DE353205248B500C3C05B /* SearchMovieTests.swift in Sources */,
				037244B8204F9D540033C285 /* CareemMovieTests.swift in Sources */,
				037DE363205272DC00C3C05B /* XCTestExpectation.swift in Sources */,
			);
			runOnlyForDeploymentPostprocessing = 0;
		};
		037244BA204F9D540033C285 /* Sources */ = {
			isa = PBXSourcesBuildPhase;
			buildActionMask = 2147483647;
			files = (
				037DE36020526E3B00C3C05B /* XCUIElementUtil.swift in Sources */,
				037DE35F20526E3B00C3C05B /* BaseUITest.swift in Sources */,
				037244C3204F9D540033C285 /* CareemMovieUITests.swift in Sources */,
			);
			runOnlyForDeploymentPostprocessing = 0;
		};
/* End PBXSourcesBuildPhase section */

/* Begin PBXTargetDependency section */
		037244B5204F9D540033C285 /* PBXTargetDependency */ = {
			isa = PBXTargetDependency;
			target = 0372449E204F9D540033C285 /* CareemMovie */;
			targetProxy = 037244B4204F9D540033C285 /* PBXContainerItemProxy */;
		};
		037244C0204F9D540033C285 /* PBXTargetDependency */ = {
			isa = PBXTargetDependency;
			target = 0372449E204F9D540033C285 /* CareemMovie */;
			targetProxy = 037244BF204F9D540033C285 /* PBXContainerItemProxy */;
		};
/* End PBXTargetDependency section */

/* Begin PBXVariantGroup section */
		03724504204F9DAE0033C285 /* LaunchScreen.storyboard */ = {
			isa = PBXVariantGroup;
			children = (
				03724505204F9DAE0033C285 /* Base */,
			);
			name = LaunchScreen.storyboard;
			sourceTree = "<group>";
		};
		03724506204F9DAE0033C285 /* Main.storyboard */ = {
			isa = PBXVariantGroup;
			children = (
				03724507204F9DAE0033C285 /* Base */,
			);
			name = Main.storyboard;
			sourceTree = "<group>";
		};
/* End PBXVariantGroup section */

/* Begin XCBuildConfiguration section */
		037244C5204F9D540033C285 /* Debug */ = {
			isa = XCBuildConfiguration;
			buildSettings = {
				ALWAYS_SEARCH_USER_PATHS = NO;
				CLANG_ANALYZER_NONNULL = YES;
				CLANG_ANALYZER_NUMBER_OBJECT_CONVERSION = YES_AGGRESSIVE;
				CLANG_CXX_LANGUAGE_STANDARD = "gnu++14";
				CLANG_CXX_LIBRARY = "libc++";
				CLANG_ENABLE_MODULES = YES;
				CLANG_ENABLE_OBJC_ARC = YES;
				CLANG_WARN_BLOCK_CAPTURE_AUTORELEASING = YES;
				CLANG_WARN_BOOL_CONVERSION = YES;
				CLANG_WARN_COMMA = YES;
				CLANG_WARN_CONSTANT_CONVERSION = YES;
				CLANG_WARN_DIRECT_OBJC_ISA_USAGE = YES_ERROR;
				CLANG_WARN_DOCUMENTATION_COMMENTS = YES;
				CLANG_WARN_EMPTY_BODY = YES;
				CLANG_WARN_ENUM_CONVERSION = YES;
				CLANG_WARN_INFINITE_RECURSION = YES;
				CLANG_WARN_INT_CONVERSION = YES;
				CLANG_WARN_NON_LITERAL_NULL_CONVERSION = YES;
				CLANG_WARN_OBJC_LITERAL_CONVERSION = YES;
				CLANG_WARN_OBJC_ROOT_CLASS = YES_ERROR;
				CLANG_WARN_RANGE_LOOP_ANALYSIS = YES;
				CLANG_WARN_STRICT_PROTOTYPES = YES;
				CLANG_WARN_SUSPICIOUS_MOVE = YES;
				CLANG_WARN_UNGUARDED_AVAILABILITY = YES_AGGRESSIVE;
				CLANG_WARN_UNREACHABLE_CODE = YES;
				CLANG_WARN__DUPLICATE_METHOD_MATCH = YES;
				CODE_SIGN_IDENTITY = "iPhone Developer";
				COPY_PHASE_STRIP = NO;
				DEBUG_INFORMATION_FORMAT = dwarf;
				ENABLE_STRICT_OBJC_MSGSEND = YES;
				ENABLE_TESTABILITY = YES;
				GCC_C_LANGUAGE_STANDARD = gnu11;
				GCC_DYNAMIC_NO_PIC = NO;
				GCC_NO_COMMON_BLOCKS = YES;
				GCC_OPTIMIZATION_LEVEL = 0;
				GCC_PREPROCESSOR_DEFINITIONS = (
					"DEBUG=1",
					"$(inherited)",
				);
				GCC_WARN_64_TO_32_BIT_CONVERSION = YES;
				GCC_WARN_ABOUT_RETURN_TYPE = YES_ERROR;
				GCC_WARN_UNDECLARED_SELECTOR = YES;
				GCC_WARN_UNINITIALIZED_AUTOS = YES_AGGRESSIVE;
				GCC_WARN_UNUSED_FUNCTION = YES;
				GCC_WARN_UNUSED_VARIABLE = YES;
				IPHONEOS_DEPLOYMENT_TARGET = 11.2;
				MTL_ENABLE_DEBUG_INFO = YES;
				ONLY_ACTIVE_ARCH = YES;
				SDKROOT = iphoneos;
				SWIFT_ACTIVE_COMPILATION_CONDITIONS = DEBUG;
				SWIFT_OPTIMIZATION_LEVEL = "-Onone";
			};
			name = Debug;
		};
		037244C6204F9D540033C285 /* Release */ = {
			isa = XCBuildConfiguration;
			buildSettings = {
				ALWAYS_SEARCH_USER_PATHS = NO;
				CLANG_ANALYZER_NONNULL = YES;
				CLANG_ANALYZER_NUMBER_OBJECT_CONVERSION = YES_AGGRESSIVE;
				CLANG_CXX_LANGUAGE_STANDARD = "gnu++14";
				CLANG_CXX_LIBRARY = "libc++";
				CLANG_ENABLE_MODULES = YES;
				CLANG_ENABLE_OBJC_ARC = YES;
				CLANG_WARN_BLOCK_CAPTURE_AUTORELEASING = YES;
				CLANG_WARN_BOOL_CONVERSION = YES;
				CLANG_WARN_COMMA = YES;
				CLANG_WARN_CONSTANT_CONVERSION = YES;
				CLANG_WARN_DIRECT_OBJC_ISA_USAGE = YES_ERROR;
				CLANG_WARN_DOCUMENTATION_COMMENTS = YES;
				CLANG_WARN_EMPTY_BODY = YES;
				CLANG_WARN_ENUM_CONVERSION = YES;
				CLANG_WARN_INFINITE_RECURSION = YES;
				CLANG_WARN_INT_CONVERSION = YES;
				CLANG_WARN_NON_LITERAL_NULL_CONVERSION = YES;
				CLANG_WARN_OBJC_LITERAL_CONVERSION = YES;
				CLANG_WARN_OBJC_ROOT_CLASS = YES_ERROR;
				CLANG_WARN_RANGE_LOOP_ANALYSIS = YES;
				CLANG_WARN_STRICT_PROTOTYPES = YES;
				CLANG_WARN_SUSPICIOUS_MOVE = YES;
				CLANG_WARN_UNGUARDED_AVAILABILITY = YES_AGGRESSIVE;
				CLANG_WARN_UNREACHABLE_CODE = YES;
				CLANG_WARN__DUPLICATE_METHOD_MATCH = YES;
				CODE_SIGN_IDENTITY = "iPhone Developer";
				COPY_PHASE_STRIP = NO;
				DEBUG_INFORMATION_FORMAT = "dwarf-with-dsym";
				ENABLE_NS_ASSERTIONS = NO;
				ENABLE_STRICT_OBJC_MSGSEND = YES;
				GCC_C_LANGUAGE_STANDARD = gnu11;
				GCC_NO_COMMON_BLOCKS = YES;
				GCC_WARN_64_TO_32_BIT_CONVERSION = YES;
				GCC_WARN_ABOUT_RETURN_TYPE = YES_ERROR;
				GCC_WARN_UNDECLARED_SELECTOR = YES;
				GCC_WARN_UNINITIALIZED_AUTOS = YES_AGGRESSIVE;
				GCC_WARN_UNUSED_FUNCTION = YES;
				GCC_WARN_UNUSED_VARIABLE = YES;
				IPHONEOS_DEPLOYMENT_TARGET = 11.2;
				MTL_ENABLE_DEBUG_INFO = NO;
				SDKROOT = iphoneos;
				SWIFT_OPTIMIZATION_LEVEL = "-Owholemodule";
				VALIDATE_PRODUCT = YES;
			};
			name = Release;
		};
		037244C8204F9D540033C285 /* Debug */ = {
			isa = XCBuildConfiguration;
			baseConfigurationReference = B91A1C42831CA8FB8AD843DB /* Pods-CareemMovie.debug.xcconfig */;
			buildSettings = {
				ASSETCATALOG_COMPILER_APPICON_NAME = AppIcon;
				CODE_SIGN_STYLE = Automatic;
				DEVELOPMENT_TEAM = S4L5HY6Q7D;
				INFOPLIST_FILE = CareemMovie/Info.plist;
				IPHONEOS_DEPLOYMENT_TARGET = 9.0;
				LD_RUNPATH_SEARCH_PATHS = "$(inherited) @executable_path/Frameworks";
				PRODUCT_BUNDLE_IDENTIFIER = canh.tran.CareemMovie;
				PRODUCT_NAME = "$(TARGET_NAME)";
				SWIFT_VERSION = 4.0;
				TARGETED_DEVICE_FAMILY = "1,2";
			};
			name = Debug;
		};
		037244C9204F9D540033C285 /* Release */ = {
			isa = XCBuildConfiguration;
			baseConfigurationReference = 979F022BD6AD3D94A0AC86EA /* Pods-CareemMovie.release.xcconfig */;
			buildSettings = {
				ASSETCATALOG_COMPILER_APPICON_NAME = AppIcon;
				CODE_SIGN_STYLE = Automatic;
				DEVELOPMENT_TEAM = S4L5HY6Q7D;
				INFOPLIST_FILE = CareemMovie/Info.plist;
				IPHONEOS_DEPLOYMENT_TARGET = 9.0;
				LD_RUNPATH_SEARCH_PATHS = "$(inherited) @executable_path/Frameworks";
				PRODUCT_BUNDLE_IDENTIFIER = canh.tran.CareemMovie;
				PRODUCT_NAME = "$(TARGET_NAME)";
				SWIFT_VERSION = 4.0;
				TARGETED_DEVICE_FAMILY = "1,2";
			};
			name = Release;
		};
		037244CB204F9D540033C285 /* Debug */ = {
			isa = XCBuildConfiguration;
			baseConfigurationReference = 298EA76EAA32E07B1D022CC6 /* Pods-CareemMovieTests.debug.xcconfig */;
			buildSettings = {
				ALWAYS_EMBED_SWIFT_STANDARD_LIBRARIES = YES;
				BUNDLE_LOADER = "$(TEST_HOST)";
				CODE_SIGN_STYLE = Automatic;
				DEVELOPMENT_TEAM = S4L5HY6Q7D;
				INFOPLIST_FILE = CareemMovieTests/Info.plist;
				LD_RUNPATH_SEARCH_PATHS = "$(inherited) @executable_path/Frameworks @loader_path/Frameworks";
				PRODUCT_BUNDLE_IDENTIFIER = canh.tran.CareemMovieTests;
				PRODUCT_NAME = "$(TARGET_NAME)";
				SWIFT_VERSION = 4.0;
				TARGETED_DEVICE_FAMILY = "1,2";
				TEST_HOST = "$(BUILT_PRODUCTS_DIR)/CareemMovie.app/CareemMovie";
			};
			name = Debug;
		};
		037244CC204F9D540033C285 /* Release */ = {
			isa = XCBuildConfiguration;
			baseConfigurationReference = 2BEB1773E2D7084412217188 /* Pods-CareemMovieTests.release.xcconfig */;
			buildSettings = {
				ALWAYS_EMBED_SWIFT_STANDARD_LIBRARIES = YES;
				BUNDLE_LOADER = "$(TEST_HOST)";
				CODE_SIGN_STYLE = Automatic;
				DEVELOPMENT_TEAM = S4L5HY6Q7D;
				INFOPLIST_FILE = CareemMovieTests/Info.plist;
				LD_RUNPATH_SEARCH_PATHS = "$(inherited) @executable_path/Frameworks @loader_path/Frameworks";
				PRODUCT_BUNDLE_IDENTIFIER = canh.tran.CareemMovieTests;
				PRODUCT_NAME = "$(TARGET_NAME)";
				SWIFT_VERSION = 4.0;
				TARGETED_DEVICE_FAMILY = "1,2";
				TEST_HOST = "$(BUILT_PRODUCTS_DIR)/CareemMovie.app/CareemMovie";
			};
			name = Release;
		};
		037244CE204F9D540033C285 /* Debug */ = {
			isa = XCBuildConfiguration;
			buildSettings = {
				ALWAYS_EMBED_SWIFT_STANDARD_LIBRARIES = YES;
				CODE_SIGN_STYLE = Automatic;
				DEVELOPMENT_TEAM = S4L5HY6Q7D;
				INFOPLIST_FILE = CareemMovieUITests/Info.plist;
				LD_RUNPATH_SEARCH_PATHS = "$(inherited) @executable_path/Frameworks @loader_path/Frameworks";
				PRODUCT_BUNDLE_IDENTIFIER = canh.tran.CareemMovieUITests;
				PRODUCT_NAME = "$(TARGET_NAME)";
				SWIFT_VERSION = 4.0;
				TARGETED_DEVICE_FAMILY = "1,2";
				TEST_TARGET_NAME = CareemMovie;
			};
			name = Debug;
		};
		037244CF204F9D540033C285 /* Release */ = {
			isa = XCBuildConfiguration;
			buildSettings = {
				ALWAYS_EMBED_SWIFT_STANDARD_LIBRARIES = YES;
				CODE_SIGN_STYLE = Automatic;
				DEVELOPMENT_TEAM = S4L5HY6Q7D;
				INFOPLIST_FILE = CareemMovieUITests/Info.plist;
				LD_RUNPATH_SEARCH_PATHS = "$(inherited) @executable_path/Frameworks @loader_path/Frameworks";
				PRODUCT_BUNDLE_IDENTIFIER = canh.tran.CareemMovieUITests;
				PRODUCT_NAME = "$(TARGET_NAME)";
				SWIFT_VERSION = 4.0;
				TARGETED_DEVICE_FAMILY = "1,2";
				TEST_TARGET_NAME = CareemMovie;
			};
			name = Release;
		};
/* End XCBuildConfiguration section */

/* Begin XCConfigurationList section */
		0372449A204F9D530033C285 /* Build configuration list for PBXProject "CareemMovie" */ = {
			isa = XCConfigurationList;
			buildConfigurations = (
				037244C5204F9D540033C285 /* Debug */,
				037244C6204F9D540033C285 /* Release */,
			);
			defaultConfigurationIsVisible = 0;
			defaultConfigurationName = Release;
		};
		037244C7204F9D540033C285 /* Build configuration list for PBXNativeTarget "CareemMovie" */ = {
			isa = XCConfigurationList;
			buildConfigurations = (
				037244C8204F9D540033C285 /* Debug */,
				037244C9204F9D540033C285 /* Release */,
			);
			defaultConfigurationIsVisible = 0;
			defaultConfigurationName = Release;
		};
		037244CA204F9D540033C285 /* Build configuration list for PBXNativeTarget "CareemMovieTests" */ = {
			isa = XCConfigurationList;
			buildConfigurations = (
				037244CB204F9D540033C285 /* Debug */,
				037244CC204F9D540033C285 /* Release */,
			);
			defaultConfigurationIsVisible = 0;
			defaultConfigurationName = Release;
		};
		037244CD204F9D540033C285 /* Build configuration list for PBXNativeTarget "CareemMovieUITests" */ = {
			isa = XCConfigurationList;
			buildConfigurations = (
				037244CE204F9D540033C285 /* Debug */,
				037244CF204F9D540033C285 /* Release */,
			);
			defaultConfigurationIsVisible = 0;
			defaultConfigurationName = Release;
		};
/* End XCConfigurationList section */
	};
	rootObject = 03724497204F9D530033C285 /* Project object */;
}
